
Microsoft Visual Studio Solution File, Format Version 12.00
# Visual Studio Version 17
VisualStudioVersion = 17.0.32014.148
MinimumVisualStudioVersion = 10.0.40219.1
Project("{FAE04EC0-301F-11D3-BF4B-00C04F79EFBC}") = "BlazorRefTest", "BlazorRefTest\BlazorRefTest.csproj", "{EA77E7E6-CF94-4C76-914F-A74DFAB3FAD3}"
EndProject
Global
	GlobalSection(SolutionConfigurationPlatforms) = preSolution
		Debug|Any CPU = Debug|Any CPU
		Release|Any CPU = Release|Any CPU
	EndGlobalSection
	GlobalSection(ProjectConfigurationPlatforms) = postSolution
		{EA77E7E6-CF94-4C76-914F-A74DFAB3FAD3}.Debug|Any CPU.ActiveCfg = Debug|Any CPU
		{EA77E7E6-CF94-4C76-914F-A74DFAB3FAD3}.Debug|Any CPU.Build.0 = Debug|Any CPU
		{EA77E7E6-CF94-4C76-914F-A74DFAB3FAD3}.Release|Any CPU.ActiveCfg = Release|Any CPU
		{EA77E7E6-CF94-4C76-914F-A74DFAB3FAD3}.Release|Any CPU.Build.0 = Release|Any CPU
	EndGlobalSection
	GlobalSection(SolutionProperties) = preSolution
		HideSolutionNode = FALSE
	EndGlobalSection
	GlobalSection(ExtensibilityGlobals) = postSolution
		SolutionGuid = {E5ECEDDA-3FDB-4205-8F22-1FDDE77B0A17}
	EndGlobalSection
EndGlobal
